// !$*UTF8*$!
{
	archiveVersion = 1;
	classes = {
	};
	objectVersion = 50;
	objects = {

/* Begin PBXBuildFile section */
		5741932A211764BC00DAC017 /* shader.metal in Sources */ = {isa = PBXBuildFile; fileRef = 57419329211764BC00DAC017 /* shader.metal */; };
		5751E392212510FB00C68903 /* MetalKit.framework in Frameworks */ = {isa = PBXBuildFile; fileRef = 5751E391212510FB00C68903 /* MetalKit.framework */; };
		576EA5362124FBF00068E47E /* AppDelegate.swift in Sources */ = {isa = PBXBuildFile; fileRef = 576EA5352124FBF00068E47E /* AppDelegate.swift */; };
		576EA5382124FBF00068E47E /* ViewController.swift in Sources */ = {isa = PBXBuildFile; fileRef = 576EA5372124FBF00068E47E /* ViewController.swift */; };
		576EA53A2124FBF10068E47E /* Assets.xcassets in Resources */ = {isa = PBXBuildFile; fileRef = 576EA5392124FBF10068E47E /* Assets.xcassets */; };
		576EA53D2124FBF10068E47E /* Main.storyboard in Resources */ = {isa = PBXBuildFile; fileRef = 576EA53B2124FBF10068E47E /* Main.storyboard */; };
		576EA544212501B90068E47E /* SharedMetal.swift in Sources */ = {isa = PBXBuildFile; fileRef = 576EA543212501B90068E47E /* SharedMetal.swift */; };
		576EA545212501BF0068E47E /* SharedMetal.swift in Sources */ = {isa = PBXBuildFile; fileRef = 576EA543212501B90068E47E /* SharedMetal.swift */; };
		576EA546212502940068E47E /* shader.metal in Sources */ = {isa = PBXBuildFile; fileRef = 57419329211764BC00DAC017 /* shader.metal */; };
		577B7AE0211758C300A5B21D /* AppDelegate.swift in Sources */ = {isa = PBXBuildFile; fileRef = 577B7ADF211758C300A5B21D /* AppDelegate.swift */; };
		577B7AE2211758C300A5B21D /* ViewController.swift in Sources */ = {isa = PBXBuildFile; fileRef = 577B7AE1211758C300A5B21D /* ViewController.swift */; };
		577B7AE7211758C500A5B21D /* Assets.xcassets in Resources */ = {isa = PBXBuildFile; fileRef = 577B7AE6211758C500A5B21D /* Assets.xcassets */; };
		577B7AEA211758C500A5B21D /* LaunchScreen.storyboard in Resources */ = {isa = PBXBuildFile; fileRef = 577B7AE8211758C500A5B21D /* LaunchScreen.storyboard */; };
		57B1489821335F0600FB5EAF /* NeXT.scn in Resources */ = {isa = PBXBuildFile; fileRef = 57B1489721335EFF00FB5EAF /* NeXT.scn */; };
/* End PBXBuildFile section */

/* Begin PBXFileReference section */
		57419329211764BC00DAC017 /* shader.metal */ = {isa = PBXFileReference; lastKnownFileType = sourcecode.metal; path = shader.metal; sourceTree = "<group>"; };
		5751E391212510FB00C68903 /* MetalKit.framework */ = {isa = PBXFileReference; lastKnownFileType = wrapper.framework; name = MetalKit.framework; path = Platforms/MacOSX.platform/Developer/SDKs/MacOSX10.14.sdk/System/Library/Frameworks/MetalKit.framework; sourceTree = DEVELOPER_DIR; };
		5751E3932125A51200C68903 /* README.md */ = {isa = PBXFileReference; fileEncoding = 4; lastKnownFileType = net.daringfireball.markdown; path = README.md; sourceTree = "<group>"; };
		576EA5332124FBF00068E47E /* Hello Metal - Mac.app */ = {isa = PBXFileReference; explicitFileType = wrapper.application; includeInIndex = 0; path = "Hello Metal - Mac.app"; sourceTree = BUILT_PRODUCTS_DIR; };
		576EA5352124FBF00068E47E /* AppDelegate.swift */ = {isa = PBXFileReference; lastKnownFileType = sourcecode.swift; path = AppDelegate.swift; sourceTree = "<group>"; };
		576EA5372124FBF00068E47E /* ViewController.swift */ = {isa = PBXFileReference; lastKnownFileType = sourcecode.swift; path = ViewController.swift; sourceTree = "<group>"; };
		576EA5392124FBF10068E47E /* Assets.xcassets */ = {isa = PBXFileReference; lastKnownFileType = folder.assetcatalog; path = Assets.xcassets; sourceTree = "<group>"; };
		576EA53C2124FBF10068E47E /* Base */ = {isa = PBXFileReference; lastKnownFileType = file.storyboard; name = Base; path = Base.lproj/Main.storyboard; sourceTree = "<group>"; };
		576EA53E2124FBF10068E47E /* Info.plist */ = {isa = PBXFileReference; lastKnownFileType = text.plist.xml; path = Info.plist; sourceTree = "<group>"; };
		576EA53F2124FBF10068E47E /* Hello_Metal___Mac.entitlements */ = {isa = PBXFileReference; lastKnownFileType = text.plist.entitlements; path = "Hello_Metal___Mac.entitlements"; sourceTree = "<group>"; };
		576EA543212501B90068E47E /* SharedMetal.swift */ = {isa = PBXFileReference; lastKnownFileType = sourcecode.swift; path = SharedMetal.swift; sourceTree = "<group>"; };
		577B7ADC211758C300A5B21D /* Hello Metal.app */ = {isa = PBXFileReference; explicitFileType = wrapper.application; includeInIndex = 0; path = "Hello Metal.app"; sourceTree = BUILT_PRODUCTS_DIR; };
		577B7ADF211758C300A5B21D /* AppDelegate.swift */ = {isa = PBXFileReference; lastKnownFileType = sourcecode.swift; path = AppDelegate.swift; sourceTree = "<group>"; };
		577B7AE1211758C300A5B21D /* ViewController.swift */ = {isa = PBXFileReference; lastKnownFileType = sourcecode.swift; path = ViewController.swift; sourceTree = "<group>"; };
		577B7AE6211758C500A5B21D /* Assets.xcassets */ = {isa = PBXFileReference; lastKnownFileType = folder.assetcatalog; path = Assets.xcassets; sourceTree = "<group>"; };
		577B7AE9211758C500A5B21D /* Base */ = {isa = PBXFileReference; lastKnownFileType = file.storyboard; name = Base; path = Base.lproj/LaunchScreen.storyboard; sourceTree = "<group>"; };
		577B7AEB211758C500A5B21D /* Info.plist */ = {isa = PBXFileReference; lastKnownFileType = text.plist.xml; path = Info.plist; sourceTree = "<group>"; };
		57B1489721335EFF00FB5EAF /* NeXT.scn */ = {isa = PBXFileReference; lastKnownFileType = file.bplist; path = NeXT.scn; sourceTree = "<group>"; };
/* End PBXFileReference section */

/* Begin PBXFrameworksBuildPhase section */
		576EA5302124FBF00068E47E /* Frameworks */ = {
			isa = PBXFrameworksBuildPhase;
			buildActionMask = 2147483647;
			files = (
				5751E392212510FB00C68903 /* MetalKit.framework in Frameworks */,
			);
			runOnlyForDeploymentPostprocessing = 0;
		};
		577B7AD9211758C300A5B21D /* Frameworks */ = {
			isa = PBXFrameworksBuildPhase;
			buildActionMask = 2147483647;
			files = (
			);
			runOnlyForDeploymentPostprocessing = 0;
		};
/* End PBXFrameworksBuildPhase section */

/* Begin PBXGroup section */
		5751E390212510FA00C68903 /* Frameworks */ = {
			isa = PBXGroup;
			children = (
				5751E391212510FB00C68903 /* MetalKit.framework */,
			);
			name = Frameworks;
			sourceTree = "<group>";
		};
		576EA5342124FBF00068E47E /* Hello Metal - Mac */ = {
			isa = PBXGroup;
			children = (
				576EA5352124FBF00068E47E /* AppDelegate.swift */,
				576EA5372124FBF00068E47E /* ViewController.swift */,
				576EA5392124FBF10068E47E /* Assets.xcassets */,
				576EA53B2124FBF10068E47E /* Main.storyboard */,
				576EA53E2124FBF10068E47E /* Info.plist */,
				576EA53F2124FBF10068E47E /* Hello_Metal___Mac.entitlements */,
			);
			path = "Hello Metal - Mac";
			sourceTree = "<group>";
		};
		577B7AD3211758C300A5B21D = {
			isa = PBXGroup;
			children = (
				5751E3932125A51200C68903 /* README.md */,
				57B1489721335EFF00FB5EAF /* NeXT.scn */,
				576EA543212501B90068E47E /* SharedMetal.swift */,
				577B7ADE211758C300A5B21D /* Hello Metal */,
				576EA5342124FBF00068E47E /* Hello Metal - Mac */,
				577B7ADD211758C300A5B21D /* Products */,
				5751E390212510FA00C68903 /* Frameworks */,
			);
			sourceTree = "<group>";
		};
		577B7ADD211758C300A5B21D /* Products */ = {
			isa = PBXGroup;
			children = (
				577B7ADC211758C300A5B21D /* Hello Metal.app */,
				576EA5332124FBF00068E47E /* Hello Metal - Mac.app */,
			);
			name = Products;
			sourceTree = "<group>";
		};
		577B7ADE211758C300A5B21D /* Hello Metal */ = {
			isa = PBXGroup;
			children = (
				57419329211764BC00DAC017 /* shader.metal */,
				577B7ADF211758C300A5B21D /* AppDelegate.swift */,
				577B7AE1211758C300A5B21D /* ViewController.swift */,
				577B7AE6211758C500A5B21D /* Assets.xcassets */,
				577B7AE8211758C500A5B21D /* LaunchScreen.storyboard */,
				577B7AEB211758C500A5B21D /* Info.plist */,
			);
			path = "Hello Metal";
			sourceTree = "<group>";
		};
/* End PBXGroup section */

/* Begin PBXNativeTarget section */
		576EA5322124FBF00068E47E /* Hello Metal - Mac */ = {
			isa = PBXNativeTarget;
			buildConfigurationList = 576EA5422124FBF10068E47E /* Build configuration list for PBXNativeTarget "Hello Metal - Mac" */;
			buildPhases = (
				576EA52F2124FBF00068E47E /* Sources */,
				576EA5302124FBF00068E47E /* Frameworks */,
				576EA5312124FBF00068E47E /* Resources */,
			);
			buildRules = (
			);
			dependencies = (
			);
			name = "Hello Metal - Mac";
			productName = "Hello Metal - Mac";
			productReference = 576EA5332124FBF00068E47E /* Hello Metal - Mac.app */;
			productType = "com.apple.product-type.application";
		};
		577B7ADB211758C300A5B21D /* Hello Metal */ = {
			isa = PBXNativeTarget;
			buildConfigurationList = 577B7AEE211758C500A5B21D /* Build configuration list for PBXNativeTarget "Hello Metal" */;
			buildPhases = (
				577B7AD8211758C300A5B21D /* Sources */,
				577B7AD9211758C300A5B21D /* Frameworks */,
				577B7ADA211758C300A5B21D /* Resources */,
			);
			buildRules = (
			);
			dependencies = (
			);
			name = "Hello Metal";
			productName = "Hello Metal";
			productReference = 577B7ADC211758C300A5B21D /* Hello Metal.app */;
			productType = "com.apple.product-type.application";
		};
/* End PBXNativeTarget section */

/* Begin PBXProject section */
		577B7AD4211758C300A5B21D /* Project object */ = {
			isa = PBXProject;
			attributes = {
				LastSwiftUpdateCheck = 1000;
				LastUpgradeCheck = 0940;
				ORGANIZATIONNAME = "Joss Manger";
				TargetAttributes = {
					576EA5322124FBF00068E47E = {
						CreatedOnToolsVersion = 10.0;
					};
					577B7ADB211758C300A5B21D = {
						CreatedOnToolsVersion = 9.4.1;
					};
				};
			};
			buildConfigurationList = 577B7AD7211758C300A5B21D /* Build configuration list for PBXProject "Hello Metal" */;
			compatibilityVersion = "Xcode 9.3";
			developmentRegion = en;
			hasScannedForEncodings = 0;
			knownRegions = (
				en,
				Base,
			);
			mainGroup = 577B7AD3211758C300A5B21D;
			productRefGroup = 577B7ADD211758C300A5B21D /* Products */;
			projectDirPath = "";
			projectRoot = "";
			targets = (
				577B7ADB211758C300A5B21D /* Hello Metal */,
				576EA5322124FBF00068E47E /* Hello Metal - Mac */,
			);
		};
/* End PBXProject section */

/* Begin PBXResourcesBuildPhase section */
		576EA5312124FBF00068E47E /* Resources */ = {
			isa = PBXResourcesBuildPhase;
			buildActionMask = 2147483647;
			files = (
				57B1489821335F0600FB5EAF /* NeXT.scn in Resources */,
				576EA53A2124FBF10068E47E /* Assets.xcassets in Resources */,
				576EA53D2124FBF10068E47E /* Main.storyboard in Resources */,
			);
			runOnlyForDeploymentPostprocessing = 0;
		};
		577B7ADA211758C300A5B21D /* Resources */ = {
			isa = PBXResourcesBuildPhase;
			buildActionMask = 2147483647;
			files = (
				577B7AEA211758C500A5B21D /* LaunchScreen.storyboard in Resources */,
				577B7AE7211758C500A5B21D /* Assets.xcassets in Resources */,
			);
			runOnlyForDeploymentPostprocessing = 0;
		};
/* End PBXResourcesBuildPhase section */

/* Begin PBXSourcesBuildPhase section */
		576EA52F2124FBF00068E47E /* Sources */ = {
			isa = PBXSourcesBuildPhase;
			buildActionMask = 2147483647;
			files = (
				576EA546212502940068E47E /* shader.metal in Sources */,
				576EA5382124FBF00068E47E /* ViewController.swift in Sources */,
				576EA5362124FBF00068E47E /* AppDelegate.swift in Sources */,
				576EA545212501BF0068E47E /* SharedMetal.swift in Sources */,
			);
			runOnlyForDeploymentPostprocessing = 0;
		};
		577B7AD8211758C300A5B21D /* Sources */ = {
			isa = PBXSourcesBuildPhase;
			buildActionMask = 2147483647;
			files = (
				577B7AE2211758C300A5B21D /* ViewController.swift in Sources */,
				5741932A211764BC00DAC017 /* shader.metal in Sources */,
				576EA544212501B90068E47E /* SharedMetal.swift in Sources */,
				577B7AE0211758C300A5B21D /* AppDelegate.swift in Sources */,
			);
			runOnlyForDeploymentPostprocessing = 0;
		};
/* End PBXSourcesBuildPhase section */

/* Begin PBXVariantGroup section */
		576EA53B2124FBF10068E47E /* Main.storyboard */ = {
			isa = PBXVariantGroup;
			children = (
				576EA53C2124FBF10068E47E /* Base */,
			);
			name = Main.storyboard;
			sourceTree = "<group>";
		};
		577B7AE8211758C500A5B21D /* LaunchScreen.storyboard */ = {
			isa = PBXVariantGroup;
			children = (
				577B7AE9211758C500A5B21D /* Base */,
			);
			name = LaunchScreen.storyboard;
			sourceTree = "<group>";
		};
/* End PBXVariantGroup section */

/* Begin XCBuildConfiguration section */
		576EA5402124FBF10068E47E /* Debug */ = {
			isa = XCBuildConfiguration;
			buildSettings = {
				ASSETCATALOG_COMPILER_APPICON_NAME = AppIcon;
				CODE_SIGN_ENTITLEMENTS = "Hello Metal - Mac/Hello_Metal___Mac.entitlements";
				CODE_SIGN_IDENTITY = "Mac Developer";
				CODE_SIGN_STYLE = Automatic;
				COMBINE_HIDPI_IMAGES = YES;
				DEVELOPMENT_TEAM = 3C42F7N9CQ;
				INFOPLIST_FILE = "Hello Metal - Mac/Info.plist";
				LD_RUNPATH_SEARCH_PATHS = (
					"$(inherited)",
					"@executable_path/../Frameworks",
				);
				MACOSX_DEPLOYMENT_TARGET = 10.14;
				MTL_ENABLE_DEBUG_INFO = INCLUDE_SOURCE;
				PRODUCT_BUNDLE_IDENTIFIER = "co.jossy.Hello-Metal---Mac";
				PRODUCT_NAME = "$(TARGET_NAME)";
				SDKROOT = macosx;
				SWIFT_VERSION = 4.2;
			};
			name = Debug;
		};
		576EA5412124FBF10068E47E /* Release */ = {
			isa = XCBuildConfiguration;
			buildSettings = {
				ASSETCATALOG_COMPILER_APPICON_NAME = AppIcon;
				CODE_SIGN_ENTITLEMENTS = "Hello Metal - Mac/Hello_Metal___Mac.entitlements";
				CODE_SIGN_IDENTITY = "Mac Developer";
				CODE_SIGN_STYLE = Automatic;
				COMBINE_HIDPI_IMAGES = YES;
				DEVELOPMENT_TEAM = 3C42F7N9CQ;
				INFOPLIST_FILE = "Hello Metal - Mac/Info.plist";
				LD_RUNPATH_SEARCH_PATHS = (
					"$(inherited)",
					"@executable_path/../Frameworks",
				);
				MACOSX_DEPLOYMENT_TARGET = 10.14;
				PRODUCT_BUNDLE_IDENTIFIER = "co.jossy.Hello-Metal---Mac";
				PRODUCT_NAME = "$(TARGET_NAME)";
				SDKROOT = macosx;
				SWIFT_VERSION = 4.2;
			};
			name = Release;
		};
		577B7AEC211758C500A5B21D /* Debug */ = {
			isa = XCBuildConfiguration;
			buildSettings = {
				ALWAYS_SEARCH_USER_PATHS = NO;
				CLANG_ANALYZER_NONNULL = YES;
				CLANG_ANALYZER_NUMBER_OBJECT_CONVERSION = YES_AGGRESSIVE;
				CLANG_CXX_LANGUAGE_STANDARD = "gnu++14";
				CLANG_CXX_LIBRARY = "libc++";
				CLANG_ENABLE_MODULES = YES;
				CLANG_ENABLE_OBJC_ARC = YES;
				CLANG_ENABLE_OBJC_WEAK = YES;
				CLANG_WARN_BLOCK_CAPTURE_AUTORELEASING = YES;
				CLANG_WARN_BOOL_CONVERSION = YES;
				CLANG_WARN_COMMA = YES;
				CLANG_WARN_CONSTANT_CONVERSION = YES;
				CLANG_WARN_DEPRECATED_OBJC_IMPLEMENTATIONS = YES;
				CLANG_WARN_DIRECT_OBJC_ISA_USAGE = YES_ERROR;
				CLANG_WARN_DOCUMENTATION_COMMENTS = YES;
				CLANG_WARN_EMPTY_BODY = YES;
				CLANG_WARN_ENUM_CONVERSION = YES;
				CLANG_WARN_INFINITE_RECURSION = YES;
				CLANG_WARN_INT_CONVERSION = YES;
				CLANG_WARN_NON_LITERAL_NULL_CONVERSION = YES;
				CLANG_WARN_OBJC_IMPLICIT_RETAIN_SELF = YES;
				CLANG_WARN_OBJC_LITERAL_CONVERSION = YES;
				CLANG_WARN_OBJC_ROOT_CLASS = YES_ERROR;
				CLANG_WARN_RANGE_LOOP_ANALYSIS = YES;
				CLANG_WARN_STRICT_PROTOTYPES = YES;
				CLANG_WARN_SUSPICIOUS_MOVE = YES;
				CLANG_WARN_UNGUARDED_AVAILABILITY = YES_AGGRESSIVE;
				CLANG_WARN_UNREACHABLE_CODE = YES;
				CLANG_WARN__DUPLICATE_METHOD_MATCH = YES;
				CODE_SIGN_IDENTITY = "iPhone Developer";
				COPY_PHASE_STRIP = NO;
				DEBUG_INFORMATION_FORMAT = dwarf;
				ENABLE_STRICT_OBJC_MSGSEND = YES;
				ENABLE_TESTABILITY = YES;
				GCC_C_LANGUAGE_STANDARD = gnu11;
				GCC_DYNAMIC_NO_PIC = NO;
				GCC_NO_COMMON_BLOCKS = YES;
				GCC_OPTIMIZATION_LEVEL = 0;
				GCC_PREPROCESSOR_DEFINITIONS = (
					"DEBUG=1",
					"$(inherited)",
				);
				GCC_WARN_64_TO_32_BIT_CONVERSION = YES;
				GCC_WARN_ABOUT_RETURN_TYPE = YES_ERROR;
				GCC_WARN_UNDECLARED_SELECTOR = YES;
				GCC_WARN_UNINITIALIZED_AUTOS = YES_AGGRESSIVE;
				GCC_WARN_UNUSED_FUNCTION = YES;
				GCC_WARN_UNUSED_VARIABLE = YES;
				IPHONEOS_DEPLOYMENT_TARGET = 11.4;
				MTL_ENABLE_DEBUG_INFO = YES;
				ONLY_ACTIVE_ARCH = YES;
				SDKROOT = iphoneos;
				SWIFT_ACTIVE_COMPILATION_CONDITIONS = DEBUG;
				SWIFT_OPTIMIZATION_LEVEL = "-Onone";
			};
			name = Debug;
		};
		577B7AED211758C500A5B21D /* Release */ = {
			isa = XCBuildConfiguration;
			buildSettings = {
				ALWAYS_SEARCH_USER_PATHS = NO;
				CLANG_ANALYZER_NONNULL = YES;
				CLANG_ANALYZER_NUMBER_OBJECT_CONVERSION = YES_AGGRESSIVE;
				CLANG_CXX_LANGUAGE_STANDARD = "gnu++14";
				CLANG_CXX_LIBRARY = "libc++";
				CLANG_ENABLE_MODULES = YES;
				CLANG_ENABLE_OBJC_ARC = YES;
				CLANG_ENABLE_OBJC_WEAK = YES;
				CLANG_WARN_BLOCK_CAPTURE_AUTORELEASING = YES;
				CLANG_WARN_BOOL_CONVERSION = YES;
				CLANG_WARN_COMMA = YES;
				CLANG_WARN_CONSTANT_CONVERSION = YES;
				CLANG_WARN_DEPRECATED_OBJC_IMPLEMENTATIONS = YES;
				CLANG_WARN_DIRECT_OBJC_ISA_USAGE = YES_ERROR;
				CLANG_WARN_DOCUMENTATION_COMMENTS = YES;
				CLANG_WARN_EMPTY_BODY = YES;
				CLANG_WARN_ENUM_CONVERSION = YES;
				CLANG_WARN_INFINITE_RECURSION = YES;
				CLANG_WARN_INT_CONVERSION = YES;
				CLANG_WARN_NON_LITERAL_NULL_CONVERSION = YES;
				CLANG_WARN_OBJC_IMPLICIT_RETAIN_SELF = YES;
				CLANG_WARN_OBJC_LITERAL_CONVERSION = YES;
				CLANG_WARN_OBJC_ROOT_CLASS = YES_ERROR;
				CLANG_WARN_RANGE_LOOP_ANALYSIS = YES;
				CLANG_WARN_STRICT_PROTOTYPES = YES;
				CLANG_WARN_SUSPICIOUS_MOVE = YES;
				CLANG_WARN_UNGUARDED_AVAILABILITY = YES_AGGRESSIVE;
				CLANG_WARN_UNREACHABLE_CODE = YES;
				CLANG_WARN__DUPLICATE_METHOD_MATCH = YES;
				CODE_SIGN_IDENTITY = "iPhone Developer";
				COPY_PHASE_STRIP = NO;
				DEBUG_INFORMATION_FORMAT = "dwarf-with-dsym";
				ENABLE_NS_ASSERTIONS = NO;
				ENABLE_STRICT_OBJC_MSGSEND = YES;
				GCC_C_LANGUAGE_STANDARD = gnu11;
				GCC_NO_COMMON_BLOCKS = YES;
				GCC_WARN_64_TO_32_BIT_CONVERSION = YES;
				GCC_WARN_ABOUT_RETURN_TYPE = YES_ERROR;
				GCC_WARN_UNDECLARED_SELECTOR = YES;
				GCC_WARN_UNINITIALIZED_AUTOS = YES_AGGRESSIVE;
				GCC_WARN_UNUSED_FUNCTION = YES;
				GCC_WARN_UNUSED_VARIABLE = YES;
				IPHONEOS_DEPLOYMENT_TARGET = 11.4;
				MTL_ENABLE_DEBUG_INFO = NO;
				SDKROOT = iphoneos;
				SWIFT_COMPILATION_MODE = wholemodule;
				SWIFT_OPTIMIZATION_LEVEL = "-O";
				VALIDATE_PRODUCT = YES;
			};
			name = Release;
		};
		577B7AEF211758C500A5B21D /* Debug */ = {
			isa = XCBuildConfiguration;
			buildSettings = {
				ASSETCATALOG_COMPILER_APPICON_NAME = AppIcon;
				CODE_SIGN_STYLE = Automatic;
				DEVELOPMENT_TEAM = 3C42F7N9CQ;
				INFOPLIST_FILE = "Hello Metal/Info.plist";
				LD_RUNPATH_SEARCH_PATHS = (
					"$(inherited)",
					"@executable_path/Frameworks",
				);
				PRODUCT_BUNDLE_IDENTIFIER = "co.jossy.Hello-Metal";
				PRODUCT_NAME = "$(TARGET_NAME)";
				SWIFT_VERSION = 4.0;
				TARGETED_DEVICE_FAMILY = "1,2";
			};
			name = Debug;
		};
		577B7AF0211758C500A5B21D /* Release */ = {
			isa = XCBuildConfiguration;
			buildSettings = {
				ASSETCATALOG_COMPILER_APPICON_NAME = AppIcon;
				CODE_SIGN_STYLE = Automatic;
				DEVELOPMENT_TEAM = 3C42F7N9CQ;
				INFOPLIST_FILE = "Hello Metal/Info.plist";
				LD_RUNPATH_SEARCH_PATHS = (
					"$(inherited)",
					"@executable_path/Frameworks",
				);
				PRODUCT_BUNDLE_IDENTIFIER = "co.jossy.Hello-Metal";
				PRODUCT_NAME = "$(TARGET_NAME)";
				SWIFT_VERSION = 4.0;
				TARGETED_DEVICE_FAMILY = "1,2";
			};
			name = Release;
		};
/* End XCBuildConfiguration section */

/* Begin XCConfigurationList section */
		576EA5422124FBF10068E47E /* Build configuration list for PBXNativeTarget "Hello Metal - Mac" */ = {
			isa = XCConfigurationList;
			buildConfigurations = (
				576EA5402124FBF10068E47E /* Debug */,
				576EA5412124FBF10068E47E /* Release */,
			);
			defaultConfigurationIsVisible = 0;
			defaultConfigurationName = Release;
		};
		577B7AD7211758C300A5B21D /* Build configuration list for PBXProject "Hello Metal" */ = {
			isa = XCConfigurationList;
			buildConfigurations = (
				577B7AEC211758C500A5B21D /* Debug */,
				577B7AED211758C500A5B21D /* Release */,
			);
			defaultConfigurationIsVisible = 0;
			defaultConfigurationName = Release;
		};
		577B7AEE211758C500A5B21D /* Build configuration list for PBXNativeTarget "Hello Metal" */ = {
			isa = XCConfigurationList;
			buildConfigurations = (
				577B7AEF211758C500A5B21D /* Debug */,
				577B7AF0211758C500A5B21D /* Release */,
			);
			defaultConfigurationIsVisible = 0;
			defaultConfigurationName = Release;
		};
/* End XCConfigurationList section */
	};
	rootObject = 577B7AD4211758C300A5B21D /* Project object */;
}
